
Microsoft Visual Studio Solution File, Format Version 12.00
# Visual Studio Version 16
VisualStudioVersion = 25.0.1703.3
MinimumVisualStudioVersion = 10.0.40219.1
Project("{FAE04EC0-301F-11D3-BF4B-00C04F79EFBC}") = "WenStore", "WenStore\WenStore.csproj", "{315CD738-2822-4B4E-B525-C8C7F00E8FB4}"
EndProject
Global
	GlobalSection(SolutionConfigurationPlatforms) = preSolution
		Debug|Any CPU = Debug|Any CPU
		Release|Any CPU = Release|Any CPU
	EndGlobalSection
	GlobalSection(ProjectConfigurationPlatforms) = postSolution
		{315CD738-2822-4B4E-B525-C8C7F00E8FB4}.Debug|Any CPU.ActiveCfg = Debug|Any CPU
		{315CD738-2822-4B4E-B525-C8C7F00E8FB4}.Debug|Any CPU.Build.0 = Debug|Any CPU
		{315CD738-2822-4B4E-B525-C8C7F00E8FB4}.Release|Any CPU.ActiveCfg = Release|Any CPU
		{315CD738-2822-4B4E-B525-C8C7F00E8FB4}.Release|Any CPU.Build.0 = Release|Any CPU
	EndGlobalSection
	GlobalSection(SolutionProperties) = preSolution
		HideSolutionNode = FALSE
	EndGlobalSection
	GlobalSection(ExtensibilityGlobals) = postSolution
		SolutionGuid = {A0DA8E04-2D2E-47AA-89A4-063D610314C3}
	EndGlobalSection
EndGlobal
